
Microsoft Visual Studio Solution File, Format Version 12.00
Project("{FAE04EC0-301F-11D3-BF4B-00C04F79EFBC}") = "BTCPayServer.Plugins.ArkPayServer", "BTCPayServer.Plugins.ArkPayServer\BTCPayServer.Plugins.ArkPayServer.csproj", "{F2B300EB-E090-4CCB-B1D7-9B2B96B95C88}"
EndProject
Project("{FAE04EC0-301F-11D3-BF4B-00C04F79EFBC}") = "BTCPayServer", "submodules\btcpayserver\BTCPayServer\BTCPayServer.csproj", "{2464FC73-75E8-4254-A900-2090FB4D1EDD}"
EndProject
Project("{FAE04EC0-301F-11D3-BF4B-00C04F79EFBC}") = "BTCPayServer.Abstractions", "submodules\btcpayserver\BTCPayServer.Abstractions\BTCPayServer.Abstractions.csproj", "{D1D88DD3-D388-4E26-8B57-C53745418139}"
EndProject
Project("{FAE04EC0-301F-11D3-BF4B-00C04F79EFBC}") = "BTCPayServer.Client", "submodules\btcpayserver\BTCPayServer.Client\BTCPayServer.Client.csproj", "{8F71221C-EF74-4ACC-BBA6-142EB9E44434}"
EndProject
Project("{FAE04EC0-301F-11D3-BF4B-00C04F79EFBC}") = "BTCPayServer.Common", "submodules\btcpayserver\BTCPayServer.Common\BTCPayServer.Common.csproj", "{02D9090E-7DCB-42A3-85E5-A9F9BFFDFC3D}"
EndProject
Project("{FAE04EC0-301F-11D3-BF4B-00C04F79EFBC}") = "BTCPayServer.Data", "submodules\btcpayserver\BTCPayServer.Data\BTCPayServer.Data.csproj", "{9E3D5733-B900-405E-BF35-B4AF05CE5142}"
EndProject
Project("{FAE04EC0-301F-11D3-BF4B-00C04F79EFBC}") = "BTCPayServer.Rating", "submodules\btcpayserver\BTCPayServer.Rating\BTCPayServer.Rating.csproj", "{4FB69019-D06C-4A99-892E-CA04E65DB908}"
EndProject
Project("{2150E333-8FDC-42A3-9474-1A3956D46DE8}") = "BTCPayServer", "BTCPayServer", "{E011E3DC-8374-44FC-8D60-4935E854BCBB}"
EndProject
Project("{2150E333-8FDC-42A3-9474-1A3956D46DE8}") = "submodules", "submodules", "{B3415621-5EBA-1A55-0B57-0078FEC59DC7}"
EndProject
Project("{2150E333-8FDC-42A3-9474-1A3956D46DE8}") = "NNark", "NNark", "{8227F67B-54B7-5DC5-0DA3-D4D196FB77BE}"
EndProject
Project("{FAE04EC0-301F-11D3-BF4B-00C04F79EFBC}") = "NArk.Abstractions", "submodules\NNark\NArk.Abstractions\NArk.Abstractions.csproj", "{13ED33D7-FFA7-4161-B3F4-0A46F21F2152}"
EndProject
Project("{FAE04EC0-301F-11D3-BF4B-00C04F79EFBC}") = "NArk.Core", "submodules\NNark\NArk.Core\NArk.Core.csproj", "{70A27C11-2B0C-49AD-8BE3-7B013B622222}"
EndProject
Project("{FAE04EC0-301F-11D3-BF4B-00C04F79EFBC}") = "NArk.Storage.EfCore", "submodules\NNark\NArk.Storage.EfCore\NArk.Storage.EfCore.csproj", "{11DF32A5-0825-4703-9F8A-4ED7CA84F0BD}"
EndProject
Project("{FAE04EC0-301F-11D3-BF4B-00C04F79EFBC}") = "NArk.Tests", "NArk.Tests\NArk.Tests.csproj", "{E5569F16-26D0-4314-8D71-7964CCFE9F68}"
EndProject
Global
	GlobalSection(SolutionConfigurationPlatforms) = preSolution
		Debug|Any CPU = Debug|Any CPU
		Debug|x64 = Debug|x64
		Debug|x86 = Debug|x86
		Release|Any CPU = Release|Any CPU
		Release|x64 = Release|x64
		Release|x86 = Release|x86
	EndGlobalSection
	GlobalSection(ProjectConfigurationPlatforms) = postSolution
		{F2B300EB-E090-4CCB-B1D7-9B2B96B95C88}.Debug|Any CPU.ActiveCfg = Debug|Any CPU
		{F2B300EB-E090-4CCB-B1D7-9B2B96B95C88}.Debug|Any CPU.Build.0 = Debug|Any CPU
		{F2B300EB-E090-4CCB-B1D7-9B2B96B95C88}.Debug|x64.ActiveCfg = Debug|Any CPU
		{F2B300EB-E090-4CCB-B1D7-9B2B96B95C88}.Debug|x64.Build.0 = Debug|Any CPU
		{F2B300EB-E090-4CCB-B1D7-9B2B96B95C88}.Debug|x86.ActiveCfg = Debug|Any CPU
		{F2B300EB-E090-4CCB-B1D7-9B2B96B95C88}.Debug|x86.Build.0 = Debug|Any CPU
		{F2B300EB-E090-4CCB-B1D7-9B2B96B95C88}.Release|Any CPU.ActiveCfg = Release|Any CPU
		{F2B300EB-E090-4CCB-B1D7-9B2B96B95C88}.Release|Any CPU.Build.0 = Release|Any CPU
		{F2B300EB-E090-4CCB-B1D7-9B2B96B95C88}.Release|x64.ActiveCfg = Release|Any CPU
		{F2B300EB-E090-4CCB-B1D7-9B2B96B95C88}.Release|x64.Build.0 = Release|Any CPU
		{F2B300EB-E090-4CCB-B1D7-9B2B96B95C88}.Release|x86.ActiveCfg = Release|Any CPU
		{F2B300EB-E090-4CCB-B1D7-9B2B96B95C88}.Release|x86.Build.0 = Release|Any CPU
		{2464FC73-75E8-4254-A900-2090FB4D1EDD}.Debug|Any CPU.ActiveCfg = Debug|Any CPU
		{2464FC73-75E8-4254-A900-2090FB4D1EDD}.Debug|Any CPU.Build.0 = Debug|Any CPU
		{2464FC73-75E8-4254-A900-2090FB4D1EDD}.Debug|x64.ActiveCfg = Debug|Any CPU
		{2464FC73-75E8-4254-A900-2090FB4D1EDD}.Debug|x64.Build.0 = Debug|Any CPU
		{2464FC73-75E8-4254-A900-2090FB4D1EDD}.Debug|x86.ActiveCfg = Debug|Any CPU
		{2464FC73-75E8-4254-A900-2090FB4D1EDD}.Debug|x86.Build.0 = Debug|Any CPU
		{2464FC73-75E8-4254-A900-2090FB4D1EDD}.Release|Any CPU.ActiveCfg = Release|Any CPU
		{2464FC73-75E8-4254-A900-2090FB4D1EDD}.Release|Any CPU.Build.0 = Release|Any CPU
		{2464FC73-75E8-4254-A900-2090FB4D1EDD}.Release|x64.ActiveCfg = Release|Any CPU
		{2464FC73-75E8-4254-A900-2090FB4D1EDD}.Release|x64.Build.0 = Release|Any CPU
		{2464FC73-75E8-4254-A900-2090FB4D1EDD}.Release|x86.ActiveCfg = Release|Any CPU
		{2464FC73-75E8-4254-A900-2090FB4D1EDD}.Release|x86.Build.0 = Release|Any CPU
		{D1D88DD3-D388-4E26-8B57-C53745418139}.Debug|Any CPU.ActiveCfg = Debug|Any CPU
		{D1D88DD3-D388-4E26-8B57-C53745418139}.Debug|Any CPU.Build.0 = Debug|Any CPU
		{D1D88DD3-D388-4E26-8B57-C53745418139}.Debug|x64.ActiveCfg = Debug|Any CPU
		{D1D88DD3-D388-4E26-8B57-C53745418139}.Debug|x64.Build.0 = Debug|Any CPU
		{D1D88DD3-D388-4E26-8B57-C53745418139}.Debug|x86.ActiveCfg = Debug|Any CPU
		{D1D88DD3-D388-4E26-8B57-C53745418139}.Debug|x86.Build.0 = Debug|Any CPU
		{D1D88DD3-D388-4E26-8B57-C53745418139}.Release|Any CPU.ActiveCfg = Release|Any CPU
		{D1D88DD3-D388-4E26-8B57-C53745418139}.Release|Any CPU.Build.0 = Release|Any CPU
		{D1D88DD3-D388-4E26-8B57-C53745418139}.Release|x64.ActiveCfg = Release|Any CPU
		{D1D88DD3-D388-4E26-8B57-C53745418139}.Release|x64.Build.0 = Release|Any CPU
		{D1D88DD3-D388-4E26-8B57-C53745418139}.Release|x86.ActiveCfg = Release|Any CPU
		{D1D88DD3-D388-4E26-8B57-C53745418139}.Release|x86.Build.0 = Release|Any CPU
		{8F71221C-EF74-4ACC-BBA6-142EB9E44434}.Debug|Any CPU.ActiveCfg = Debug|Any CPU
		{8F71221C-EF74-4ACC-BBA6-142EB9E44434}.Debug|Any CPU.Build.0 = Debug|Any CPU
		{8F71221C-EF74-4ACC-BBA6-142EB9E44434}.Debug|x64.ActiveCfg = Debug|Any CPU
		{8F71221C-EF74-4ACC-BBA6-142EB9E44434}.Debug|x64.Build.0 = Debug|Any CPU
		{8F71221C-EF74-4ACC-BBA6-142EB9E44434}.Debug|x86.ActiveCfg = Debug|Any CPU
		{8F71221C-EF74-4ACC-BBA6-142EB9E44434}.Debug|x86.Build.0 = Debug|Any CPU
		{8F71221C-EF74-4ACC-BBA6-142EB9E44434}.Release|Any CPU.ActiveCfg = Release|Any CPU
		{8F71221C-EF74-4ACC-BBA6-142EB9E44434}.Release|Any CPU.Build.0 = Release|Any CPU
		{8F71221C-EF74-4ACC-BBA6-142EB9E44434}.Release|x64.ActiveCfg = Release|Any CPU
		{8F71221C-EF74-4ACC-BBA6-142EB9E44434}.Release|x64.Build.0 = Release|Any CPU
		{8F71221C-EF74-4ACC-BBA6-142EB9E44434}.Release|x86.ActiveCfg = Release|Any CPU
		{8F71221C-EF74-4ACC-BBA6-142EB9E44434}.Release|x86.Build.0 = Release|Any CPU
		{02D9090E-7DCB-42A3-85E5-A9F9BFFDFC3D}.Debug|Any CPU.ActiveCfg = Debug|Any CPU
		{02D9090E-7DCB-42A3-85E5-A9F9BFFDFC3D}.Debug|Any CPU.Build.0 = Debug|Any CPU
		{02D9090E-7DCB-42A3-85E5-A9F9BFFDFC3D}.Debug|x64.ActiveCfg = Debug|Any CPU
		{02D9090E-7DCB-42A3-85E5-A9F9BFFDFC3D}.Debug|x64.Build.0 = Debug|Any CPU
		{02D9090E-7DCB-42A3-85E5-A9F9BFFDFC3D}.Debug|x86.ActiveCfg = Debug|Any CPU
		{02D9090E-7DCB-42A3-85E5-A9F9BFFDFC3D}.Debug|x86.Build.0 = Debug|Any CPU
		{02D9090E-7DCB-42A3-85E5-A9F9BFFDFC3D}.Release|Any CPU.ActiveCfg = Release|Any CPU
		{02D9090E-7DCB-42A3-85E5-A9F9BFFDFC3D}.Release|Any CPU.Build.0 = Release|Any CPU
		{02D9090E-7DCB-42A3-85E5-A9F9BFFDFC3D}.Release|x64.ActiveCfg = Release|Any CPU
		{02D9090E-7DCB-42A3-85E5-A9F9BFFDFC3D}.Release|x64.Build.0 = Release|Any CPU
		{02D9090E-7DCB-42A3-85E5-A9F9BFFDFC3D}.Release|x86.ActiveCfg = Release|Any CPU
		{02D9090E-7DCB-42A3-85E5-A9F9BFFDFC3D}.Release|x86.Build.0 = Release|Any CPU
		{9E3D5733-B900-405E-BF35-B4AF05CE5142}.Debug|Any CPU.ActiveCfg = Debug|Any CPU
		{9E3D5733-B900-405E-BF35-B4AF05CE5142}.Debug|Any CPU.Build.0 = Debug|Any CPU
		{9E3D5733-B900-405E-BF35-B4AF05CE5142}.Debug|x64.ActiveCfg = Debug|Any CPU
		{9E3D5733-B900-405E-BF35-B4AF05CE5142}.Debug|x64.Build.0 = Debug|Any CPU
		{9E3D5733-B900-405E-BF35-B4AF05CE5142}.Debug|x86.ActiveCfg = Debug|Any CPU
		{9E3D5733-B900-405E-BF35-B4AF05CE5142}.Debug|x86.Build.0 = Debug|Any CPU
		{9E3D5733-B900-405E-BF35-B4AF05CE5142}.Release|Any CPU.ActiveCfg = Release|Any CPU
		{9E3D5733-B900-405E-BF35-B4AF05CE5142}.Release|Any CPU.Build.0 = Release|Any CPU
		{9E3D5733-B900-405E-BF35-B4AF05CE5142}.Release|x64.ActiveCfg = Release|Any CPU
		{9E3D5733-B900-405E-BF35-B4AF05CE5142}.Release|x64.Build.0 = Release|Any CPU
		{9E3D5733-B900-405E-BF35-B4AF05CE5142}.Release|x86.ActiveCfg = Release|Any CPU
		{9E3D5733-B900-405E-BF35-B4AF05CE5142}.Release|x86.Build.0 = Release|Any CPU
		{4FB69019-D06C-4A99-892E-CA04E65DB908}.Debug|Any CPU.ActiveCfg = Debug|Any CPU
		{4FB69019-D06C-4A99-892E-CA04E65DB908}.Debug|Any CPU.Build.0 = Debug|Any CPU
		{4FB69019-D06C-4A99-892E-CA04E65DB908}.Debug|x64.ActiveCfg = Debug|Any CPU
		{4FB69019-D06C-4A99-892E-CA04E65DB908}.Debug|x64.Build.0 = Debug|Any CPU
		{4FB69019-D06C-4A99-892E-CA04E65DB908}.Debug|x86.ActiveCfg = Debug|Any CPU
		{4FB69019-D06C-4A99-892E-CA04E65DB908}.Debug|x86.Build.0 = Debug|Any CPU
		{4FB69019-D06C-4A99-892E-CA04E65DB908}.Release|Any CPU.ActiveCfg = Release|Any CPU
		{4FB69019-D06C-4A99-892E-CA04E65DB908}.Release|Any CPU.Build.0 = Release|Any CPU
		{4FB69019-D06C-4A99-892E-CA04E65DB908}.Release|x64.ActiveCfg = Release|Any CPU
		{4FB69019-D06C-4A99-892E-CA04E65DB908}.Release|x64.Build.0 = Release|Any CPU
		{4FB69019-D06C-4A99-892E-CA04E65DB908}.Release|x86.ActiveCfg = Release|Any CPU
		{4FB69019-D06C-4A99-892E-CA04E65DB908}.Release|x86.Build.0 = Release|Any CPU
		{13ED33D7-FFA7-4161-B3F4-0A46F21F2152}.Debug|Any CPU.ActiveCfg = Debug|Any CPU
		{13ED33D7-FFA7-4161-B3F4-0A46F21F2152}.Debug|Any CPU.Build.0 = Debug|Any CPU
		{13ED33D7-FFA7-4161-B3F4-0A46F21F2152}.Debug|x64.ActiveCfg = Debug|Any CPU
		{13ED33D7-FFA7-4161-B3F4-0A46F21F2152}.Debug|x64.Build.0 = Debug|Any CPU
		{13ED33D7-FFA7-4161-B3F4-0A46F21F2152}.Debug|x86.ActiveCfg = Debug|Any CPU
		{13ED33D7-FFA7-4161-B3F4-0A46F21F2152}.Debug|x86.Build.0 = Debug|Any CPU
		{13ED33D7-FFA7-4161-B3F4-0A46F21F2152}.Release|Any CPU.ActiveCfg = Release|Any CPU
		{13ED33D7-FFA7-4161-B3F4-0A46F21F2152}.Release|Any CPU.Build.0 = Release|Any CPU
		{13ED33D7-FFA7-4161-B3F4-0A46F21F2152}.Release|x64.ActiveCfg = Release|Any CPU
		{13ED33D7-FFA7-4161-B3F4-0A46F21F2152}.Release|x64.Build.0 = Release|Any CPU
		{13ED33D7-FFA7-4161-B3F4-0A46F21F2152}.Release|x86.ActiveCfg = Release|Any CPU
		{13ED33D7-FFA7-4161-B3F4-0A46F21F2152}.Release|x86.Build.0 = Release|Any CPU
		{70A27C11-2B0C-49AD-8BE3-7B013B622222}.Debug|Any CPU.ActiveCfg = Debug|Any CPU
		{70A27C11-2B0C-49AD-8BE3-7B013B622222}.Debug|Any CPU.Build.0 = Debug|Any CPU
		{70A27C11-2B0C-49AD-8BE3-7B013B622222}.Debug|x64.ActiveCfg = Debug|Any CPU
		{70A27C11-2B0C-49AD-8BE3-7B013B622222}.Debug|x64.Build.0 = Debug|Any CPU
		{70A27C11-2B0C-49AD-8BE3-7B013B622222}.Debug|x86.ActiveCfg = Debug|Any CPU
		{70A27C11-2B0C-49AD-8BE3-7B013B622222}.Debug|x86.Build.0 = Debug|Any CPU
		{70A27C11-2B0C-49AD-8BE3-7B013B622222}.Release|Any CPU.ActiveCfg = Release|Any CPU
		{70A27C11-2B0C-49AD-8BE3-7B013B622222}.Release|Any CPU.Build.0 = Release|Any CPU
		{70A27C11-2B0C-49AD-8BE3-7B013B622222}.Release|x64.ActiveCfg = Release|Any CPU
		{70A27C11-2B0C-49AD-8BE3-7B013B622222}.Release|x64.Build.0 = Release|Any CPU
		{70A27C11-2B0C-49AD-8BE3-7B013B622222}.Release|x86.ActiveCfg = Release|Any CPU
		{70A27C11-2B0C-49AD-8BE3-7B013B622222}.Release|x86.Build.0 = Release|Any CPU
		{11DF32A5-0825-4703-9F8A-4ED7CA84F0BD}.Debug|Any CPU.ActiveCfg = Debug|Any CPU
		{11DF32A5-0825-4703-9F8A-4ED7CA84F0BD}.Debug|Any CPU.Build.0 = Debug|Any CPU
		{11DF32A5-0825-4703-9F8A-4ED7CA84F0BD}.Debug|x64.ActiveCfg = Debug|Any CPU
		{11DF32A5-0825-4703-9F8A-4ED7CA84F0BD}.Debug|x64.Build.0 = Debug|Any CPU
		{11DF32A5-0825-4703-9F8A-4ED7CA84F0BD}.Debug|x86.ActiveCfg = Debug|Any CPU
		{11DF32A5-0825-4703-9F8A-4ED7CA84F0BD}.Debug|x86.Build.0 = Debug|Any CPU
		{11DF32A5-0825-4703-9F8A-4ED7CA84F0BD}.Release|Any CPU.ActiveCfg = Release|Any CPU
		{11DF32A5-0825-4703-9F8A-4ED7CA84F0BD}.Release|Any CPU.Build.0 = Release|Any CPU
		{11DF32A5-0825-4703-9F8A-4ED7CA84F0BD}.Release|x64.ActiveCfg = Release|Any CPU
		{11DF32A5-0825-4703-9F8A-4ED7CA84F0BD}.Release|x64.Build.0 = Release|Any CPU
		{11DF32A5-0825-4703-9F8A-4ED7CA84F0BD}.Release|x86.ActiveCfg = Release|Any CPU
		{11DF32A5-0825-4703-9F8A-4ED7CA84F0BD}.Release|x86.Build.0 = Release|Any CPU
		{E5569F16-26D0-4314-8D71-7964CCFE9F68}.Debug|Any CPU.ActiveCfg = Debug|Any CPU
		{E5569F16-26D0-4314-8D71-7964CCFE9F68}.Debug|Any CPU.Build.0 = Debug|Any CPU
		{E5569F16-26D0-4314-8D71-7964CCFE9F68}.Debug|x64.ActiveCfg = Debug|Any CPU
		{E5569F16-26D0-4314-8D71-7964CCFE9F68}.Debug|x64.Build.0 = Debug|Any CPU
		{E5569F16-26D0-4314-8D71-7964CCFE9F68}.Debug|x86.ActiveCfg = Debug|Any CPU
		{E5569F16-26D0-4314-8D71-7964CCFE9F68}.Debug|x86.Build.0 = Debug|Any CPU
		{E5569F16-26D0-4314-8D71-7964CCFE9F68}.Release|Any CPU.ActiveCfg = Release|Any CPU
		{E5569F16-26D0-4314-8D71-7964CCFE9F68}.Release|Any CPU.Build.0 = Release|Any CPU
		{E5569F16-26D0-4314-8D71-7964CCFE9F68}.Release|x64.ActiveCfg = Release|Any CPU
		{E5569F16-26D0-4314-8D71-7964CCFE9F68}.Release|x64.Build.0 = Release|Any CPU
		{E5569F16-26D0-4314-8D71-7964CCFE9F68}.Release|x86.ActiveCfg = Release|Any CPU
		{E5569F16-26D0-4314-8D71-7964CCFE9F68}.Release|x86.Build.0 = Release|Any CPU
	EndGlobalSection
	GlobalSection(SolutionProperties) = preSolution
		HideSolutionNode = FALSE
	EndGlobalSection
	GlobalSection(NestedProjects) = preSolution
		{2464FC73-75E8-4254-A900-2090FB4D1EDD} = {E011E3DC-8374-44FC-8D60-4935E854BCBB}
		{D1D88DD3-D388-4E26-8B57-C53745418139} = {E011E3DC-8374-44FC-8D60-4935E854BCBB}
		{8F71221C-EF74-4ACC-BBA6-142EB9E44434} = {E011E3DC-8374-44FC-8D60-4935E854BCBB}
		{02D9090E-7DCB-42A3-85E5-A9F9BFFDFC3D} = {E011E3DC-8374-44FC-8D60-4935E854BCBB}
		{9E3D5733-B900-405E-BF35-B4AF05CE5142} = {E011E3DC-8374-44FC-8D60-4935E854BCBB}
		{4FB69019-D06C-4A99-892E-CA04E65DB908} = {E011E3DC-8374-44FC-8D60-4935E854BCBB}
		{E011E3DC-8374-44FC-8D60-4935E854BCBB} = {B3415621-5EBA-1A55-0B57-0078FEC59DC7}
		{8227F67B-54B7-5DC5-0DA3-D4D196FB77BE} = {B3415621-5EBA-1A55-0B57-0078FEC59DC7}
		{13ED33D7-FFA7-4161-B3F4-0A46F21F2152} = {8227F67B-54B7-5DC5-0DA3-D4D196FB77BE}
		{70A27C11-2B0C-49AD-8BE3-7B013B622222} = {8227F67B-54B7-5DC5-0DA3-D4D196FB77BE}
		{11DF32A5-0825-4703-9F8A-4ED7CA84F0BD} = {8227F67B-54B7-5DC5-0DA3-D4D196FB77BE}
	EndGlobalSection
EndGlobal
